// !$*UTF8*$!
{
	archiveVersion = 1;
	classes = {
	};
	objectVersion = 46;
	objects = {

/* Begin PBXBuildFile section */
		3AE81BD2AC7ABCBBD247979D /* libPods-网易新闻.a in Frameworks */ = {isa = PBXBuildFile; fileRef = 79DFDD31BCCB9BC8122D1006 /* libPods-网易新闻.a */; };
		DC3BEDB51D10F6F600BBF9D6 /* main.m in Sources */ = {isa = PBXBuildFile; fileRef = DC3BEDB41D10F6F600BBF9D6 /* main.m */; };
		DC3BEDB81D10F6F600BBF9D6 /* AppDelegate.m in Sources */ = {isa = PBXBuildFile; fileRef = DC3BEDB71D10F6F600BBF9D6 /* AppDelegate.m */; };
		DC3BEDC01D10F6F700BBF9D6 /* Assets.xcassets in Resources */ = {isa = PBXBuildFile; fileRef = DC3BEDBF1D10F6F700BBF9D6 /* Assets.xcassets */; };
		DC3BEDC31D10F6F700BBF9D6 /* LaunchScreen.storyboard in Resources */ = {isa = PBXBuildFile; fileRef = DC3BEDC11D10F6F700BBF9D6 /* LaunchScreen.storyboard */; };
		DC3BEE081D11269200BBF9D6 /* NSArray+Log.m in Sources */ = {isa = PBXBuildFile; fileRef = DC3BEDF11D11269200BBF9D6 /* NSArray+Log.m */; };
		DC3BEE091D11269200BBF9D6 /* NSAttributedString+CZAdditon.m in Sources */ = {isa = PBXBuildFile; fileRef = DC3BEDF31D11269200BBF9D6 /* NSAttributedString+CZAdditon.m */; };
		DC3BEE0A1D11269200BBF9D6 /* NSObject+CZRuntime.m in Sources */ = {isa = PBXBuildFile; fileRef = DC3BEDF51D11269200BBF9D6 /* NSObject+CZRuntime.m */; };
		DC3BEE0B1D11269200BBF9D6 /* NSString+CZBase64.m in Sources */ = {isa = PBXBuildFile; fileRef = DC3BEDF71D11269200BBF9D6 /* NSString+CZBase64.m */; };
		DC3BEE0C1D11269200BBF9D6 /* NSString+CZHash.m in Sources */ = {isa = PBXBuildFile; fileRef = DC3BEDF91D11269200BBF9D6 /* NSString+CZHash.m */; };
		DC3BEE0D1D11269200BBF9D6 /* NSString+CZPath.m in Sources */ = {isa = PBXBuildFile; fileRef = DC3BEDFB1D11269200BBF9D6 /* NSString+CZPath.m */; };
		DC3BEE0E1D11269200BBF9D6 /* UIButton+CZAddition.m in Sources */ = {isa = PBXBuildFile; fileRef = DC3BEDFD1D11269200BBF9D6 /* UIButton+CZAddition.m */; };
		DC3BEE0F1D11269200BBF9D6 /* UIColor+CZAddition.m in Sources */ = {isa = PBXBuildFile; fileRef = DC3BEDFF1D11269200BBF9D6 /* UIColor+CZAddition.m */; };
		DC3BEE101D11269200BBF9D6 /* UILabel+CZAddition.m in Sources */ = {isa = PBXBuildFile; fileRef = DC3BEE011D11269200BBF9D6 /* UILabel+CZAddition.m */; };
		DC3BEE111D11269200BBF9D6 /* UIScreen+CZAddition.m in Sources */ = {isa = PBXBuildFile; fileRef = DC3BEE031D11269200BBF9D6 /* UIScreen+CZAddition.m */; };
		DC3BEE121D11269200BBF9D6 /* UIView+CZAddition.m in Sources */ = {isa = PBXBuildFile; fileRef = DC3BEE051D11269200BBF9D6 /* UIView+CZAddition.m */; };
		DC3BEE131D11269200BBF9D6 /* UIViewController+CZAddition.m in Sources */ = {isa = PBXBuildFile; fileRef = DC3BEE071D11269200BBF9D6 /* UIViewController+CZAddition.m */; };
		DC3BEE191D1128D800BBF9D6 /* WYMainViewController.m in Sources */ = {isa = PBXBuildFile; fileRef = DC3BEE181D1128D800BBF9D6 /* WYMainViewController.m */; };
		DC3BEE1C1D113A3C00BBF9D6 /* WYHomeViewController.m in Sources */ = {isa = PBXBuildFile; fileRef = DC3BEE1B1D113A3C00BBF9D6 /* WYHomeViewController.m */; };
/* End PBXBuildFile section */

/* Begin PBXFileReference section */
		79DFDD31BCCB9BC8122D1006 /* libPods-网易新闻.a */ = {isa = PBXFileReference; explicitFileType = archive.ar; includeInIndex = 0; path = "libPods-网易新闻.a"; sourceTree = BUILT_PRODUCTS_DIR; };
		D75F3B6FA5DF856CBFBF3CB8 /* Pods-网易新闻.release.xcconfig */ = {isa = PBXFileReference; includeInIndex = 1; lastKnownFileType = text.xcconfig; name = "Pods-网易新闻.release.xcconfig"; path = "Pods/Target Support Files/Pods-网易新闻/Pods-网易新闻.release.xcconfig"; sourceTree = "<group>"; };
		DC3BEDB01D10F6F600BBF9D6 /* 网易新闻.app */ = {isa = PBXFileReference; explicitFileType = wrapper.application; includeInIndex = 0; path = "网易新闻.app"; sourceTree = BUILT_PRODUCTS_DIR; };
		DC3BEDB41D10F6F600BBF9D6 /* main.m */ = {isa = PBXFileReference; lastKnownFileType = sourcecode.c.objc; path = main.m; sourceTree = "<group>"; };
		DC3BEDB61D10F6F600BBF9D6 /* AppDelegate.h */ = {isa = PBXFileReference; lastKnownFileType = sourcecode.c.h; path = AppDelegate.h; sourceTree = "<group>"; };
		DC3BEDB71D10F6F600BBF9D6 /* AppDelegate.m */ = {isa = PBXFileReference; lastKnownFileType = sourcecode.c.objc; path = AppDelegate.m; sourceTree = "<group>"; };
		DC3BEDBF1D10F6F700BBF9D6 /* Assets.xcassets */ = {isa = PBXFileReference; lastKnownFileType = folder.assetcatalog; path = Assets.xcassets; sourceTree = "<group>"; };
		DC3BEDC21D10F6F700BBF9D6 /* Base */ = {isa = PBXFileReference; lastKnownFileType = file.storyboard; name = Base; path = Base.lproj/LaunchScreen.storyboard; sourceTree = "<group>"; };
		DC3BEDC41D10F6F700BBF9D6 /* Info.plist */ = {isa = PBXFileReference; lastKnownFileType = text.plist.xml; path = Info.plist; sourceTree = "<group>"; };
		DC3BEDEF1D11269200BBF9D6 /* CZAdditions.h */ = {isa = PBXFileReference; fileEncoding = 4; lastKnownFileType = sourcecode.c.h; path = CZAdditions.h; sourceTree = "<group>"; };
		DC3BEDF01D11269200BBF9D6 /* NSArray+Log.h */ = {isa = PBXFileReference; fileEncoding = 4; lastKnownFileType = sourcecode.c.h; path = "NSArray+Log.h"; sourceTree = "<group>"; };
		DC3BEDF11D11269200BBF9D6 /* NSArray+Log.m */ = {isa = PBXFileReference; fileEncoding = 4; lastKnownFileType = sourcecode.c.objc; path = "NSArray+Log.m"; sourceTree = "<group>"; };
		DC3BEDF21D11269200BBF9D6 /* NSAttributedString+CZAdditon.h */ = {isa = PBXFileReference; fileEncoding = 4; lastKnownFileType = sourcecode.c.h; path = "NSAttributedString+CZAdditon.h"; sourceTree = "<group>"; };
		DC3BEDF31D11269200BBF9D6 /* NSAttributedString+CZAdditon.m */ = {isa = PBXFileReference; fileEncoding = 4; lastKnownFileType = sourcecode.c.objc; path = "NSAttributedString+CZAdditon.m"; sourceTree = "<group>"; };
		DC3BEDF41D11269200BBF9D6 /* NSObject+CZRuntime.h */ = {isa = PBXFileReference; fileEncoding = 4; lastKnownFileType = sourcecode.c.h; path = "NSObject+CZRuntime.h"; sourceTree = "<group>"; };
		DC3BEDF51D11269200BBF9D6 /* NSObject+CZRuntime.m */ = {isa = PBXFileReference; fileEncoding = 4; lastKnownFileType = sourcecode.c.objc; path = "NSObject+CZRuntime.m"; sourceTree = "<group>"; };
		DC3BEDF61D11269200BBF9D6 /* NSString+CZBase64.h */ = {isa = PBXFileReference; fileEncoding = 4; lastKnownFileType = sourcecode.c.h; path = "NSString+CZBase64.h"; sourceTree = "<group>"; };
		DC3BEDF71D11269200BBF9D6 /* NSString+CZBase64.m */ = {isa = PBXFileReference; fileEncoding = 4; lastKnownFileType = sourcecode.c.objc; path = "NSString+CZBase64.m"; sourceTree = "<group>"; };
		DC3BEDF81D11269200BBF9D6 /* NSString+CZHash.h */ = {isa = PBXFileReference; fileEncoding = 4; lastKnownFileType = sourcecode.c.h; path = "NSString+CZHash.h"; sourceTree = "<group>"; };
		DC3BEDF91D11269200BBF9D6 /* NSString+CZHash.m */ = {isa = PBXFileReference; fileEncoding = 4; lastKnownFileType = sourcecode.c.objc; path = "NSString+CZHash.m"; sourceTree = "<group>"; };
		DC3BEDFA1D11269200BBF9D6 /* NSString+CZPath.h */ = {isa = PBXFileReference; fileEncoding = 4; lastKnownFileType = sourcecode.c.h; path = "NSString+CZPath.h"; sourceTree = "<group>"; };
		DC3BEDFB1D11269200BBF9D6 /* NSString+CZPath.m */ = {isa = PBXFileReference; fileEncoding = 4; lastKnownFileType = sourcecode.c.objc; path = "NSString+CZPath.m"; sourceTree = "<group>"; };
		DC3BEDFC1D11269200BBF9D6 /* UIButton+CZAddition.h */ = {isa = PBXFileReference; fileEncoding = 4; lastKnownFileType = sourcecode.c.h; path = "UIButton+CZAddition.h"; sourceTree = "<group>"; };
		DC3BEDFD1D11269200BBF9D6 /* UIButton+CZAddition.m */ = {isa = PBXFileReference; fileEncoding = 4; lastKnownFileType = sourcecode.c.objc; path = "UIButton+CZAddition.m"; sourceTree = "<group>"; };
		DC3BEDFE1D11269200BBF9D6 /* UIColor+CZAddition.h */ = {isa = PBXFileReference; fileEncoding = 4; lastKnownFileType = sourcecode.c.h; path = "UIColor+CZAddition.h"; sourceTree = "<group>"; };
		DC3BEDFF1D11269200BBF9D6 /* UIColor+CZAddition.m */ = {isa = PBXFileReference; fileEncoding = 4; lastKnownFileType = sourcecode.c.objc; path = "UIColor+CZAddition.m"; sourceTree = "<group>"; };
		DC3BEE001D11269200BBF9D6 /* UILabel+CZAddition.h */ = {isa = PBXFileReference; fileEncoding = 4; lastKnownFileType = sourcecode.c.h; path = "UILabel+CZAddition.h"; sourceTree = "<group>"; };
		DC3BEE011D11269200BBF9D6 /* UILabel+CZAddition.m */ = {isa = PBXFileReference; fileEncoding = 4; lastKnownFileType = sourcecode.c.objc; path = "UILabel+CZAddition.m"; sourceTree = "<group>"; };
		DC3BEE021D11269200BBF9D6 /* UIScreen+CZAddition.h */ = {isa = PBXFileReference; fileEncoding = 4; lastKnownFileType = sourcecode.c.h; path = "UIScreen+CZAddition.h"; sourceTree = "<group>"; };
		DC3BEE031D11269200BBF9D6 /* UIScreen+CZAddition.m */ = {isa = PBXFileReference; fileEncoding = 4; lastKnownFileType = sourcecode.c.objc; path = "UIScreen+CZAddition.m"; sourceTree = "<group>"; };
		DC3BEE041D11269200BBF9D6 /* UIView+CZAddition.h */ = {isa = PBXFileReference; fileEncoding = 4; lastKnownFileType = sourcecode.c.h; path = "UIView+CZAddition.h"; sourceTree = "<group>"; };
		DC3BEE051D11269200BBF9D6 /* UIView+CZAddition.m */ = {isa = PBXFileReference; fileEncoding = 4; lastKnownFileType = sourcecode.c.objc; path = "UIView+CZAddition.m"; sourceTree = "<group>"; };
		DC3BEE061D11269200BBF9D6 /* UIViewController+CZAddition.h */ = {isa = PBXFileReference; fileEncoding = 4; lastKnownFileType = sourcecode.c.h; path = "UIViewController+CZAddition.h"; sourceTree = "<group>"; };
		DC3BEE071D11269200BBF9D6 /* UIViewController+CZAddition.m */ = {isa = PBXFileReference; fileEncoding = 4; lastKnownFileType = sourcecode.c.objc; path = "UIViewController+CZAddition.m"; sourceTree = "<group>"; };
		DC3BEE171D1128D800BBF9D6 /* WYMainViewController.h */ = {isa = PBXFileReference; fileEncoding = 4; lastKnownFileType = sourcecode.c.h; path = WYMainViewController.h; sourceTree = "<group>"; };
		DC3BEE181D1128D800BBF9D6 /* WYMainViewController.m */ = {isa = PBXFileReference; fileEncoding = 4; lastKnownFileType = sourcecode.c.objc; path = WYMainViewController.m; sourceTree = "<group>"; };
		DC3BEE1A1D113A3C00BBF9D6 /* WYHomeViewController.h */ = {isa = PBXFileReference; fileEncoding = 4; lastKnownFileType = sourcecode.c.h; path = WYHomeViewController.h; sourceTree = "<group>"; };
		DC3BEE1B1D113A3C00BBF9D6 /* WYHomeViewController.m */ = {isa = PBXFileReference; fileEncoding = 4; lastKnownFileType = sourcecode.c.objc; path = WYHomeViewController.m; sourceTree = "<group>"; };
		DC3BEE1D1D11448400BBF9D6 /* WYPrefix.pch */ = {isa = PBXFileReference; lastKnownFileType = sourcecode.c.h; path = WYPrefix.pch; sourceTree = "<group>"; };
		E4A8E4803C7A3692119A0F07 /* Pods-网易新闻.debug.xcconfig */ = {isa = PBXFileReference; includeInIndex = 1; lastKnownFileType = text.xcconfig; name = "Pods-网易新闻.debug.xcconfig"; path = "Pods/Target Support Files/Pods-网易新闻/Pods-网易新闻.debug.xcconfig"; sourceTree = "<group>"; };
/* End PBXFileReference section */

/* Begin PBXFrameworksBuildPhase section */
		DC3BEDAD1D10F6F600BBF9D6 /* Frameworks */ = {
			isa = PBXFrameworksBuildPhase;
			buildActionMask = 2147483647;
			files = (
				3AE81BD2AC7ABCBBD247979D /* libPods-网易新闻.a in Frameworks */,
			);
			runOnlyForDeploymentPostprocessing = 0;
		};
/* End PBXFrameworksBuildPhase section */

/* Begin PBXGroup section */
		7FF4D4A6C99978E329ABDF73 /* Frameworks */ = {
			isa = PBXGroup;
			children = (
				79DFDD31BCCB9BC8122D1006 /* libPods-网易新闻.a */,
			);
			name = Frameworks;
			sourceTree = "<group>";
		};
		9B416F4095CB0B683C434FBE /* Pods */ = {
			isa = PBXGroup;
			children = (
				E4A8E4803C7A3692119A0F07 /* Pods-网易新闻.debug.xcconfig */,
				D75F3B6FA5DF856CBFBF3CB8 /* Pods-网易新闻.release.xcconfig */,
			);
			name = Pods;
			sourceTree = "<group>";
		};
		DC3BEDA71D10F6F600BBF9D6 = {
			isa = PBXGroup;
			children = (
				DC3BEDB21D10F6F600BBF9D6 /* 网易新闻 */,
				DC3BEDB11D10F6F600BBF9D6 /* Products */,
				9B416F4095CB0B683C434FBE /* Pods */,
				7FF4D4A6C99978E329ABDF73 /* Frameworks */,
			);
			sourceTree = "<group>";
		};
		DC3BEDB11D10F6F600BBF9D6 /* Products */ = {
			isa = PBXGroup;
			children = (
				DC3BEDB01D10F6F600BBF9D6 /* 网易新闻.app */,
			);
			name = Products;
			sourceTree = "<group>";
		};
		DC3BEDB21D10F6F600BBF9D6 /* 网易新闻 */ = {
			isa = PBXGroup;
			children = (
				DC3BEDED1D11268200BBF9D6 /* Tools */,
				DC3BEE141D1126CF00BBF9D6 /* Classes */,
				DC3BEDB61D10F6F600BBF9D6 /* AppDelegate.h */,
				DC3BEDB71D10F6F600BBF9D6 /* AppDelegate.m */,
				DC3BEDB31D10F6F600BBF9D6 /* Supporting Files */,
			);
			path = "网易新闻";
			sourceTree = "<group>";
		};
		DC3BEDB31D10F6F600BBF9D6 /* Supporting Files */ = {
			isa = PBXGroup;
			children = (
				DC3BEDBF1D10F6F700BBF9D6 /* Assets.xcassets */,
				DC3BEDC11D10F6F700BBF9D6 /* LaunchScreen.storyboard */,
				DC3BEDC41D10F6F700BBF9D6 /* Info.plist */,
				DC3BEDB41D10F6F600BBF9D6 /* main.m */,
				DC3BEE1D1D11448400BBF9D6 /* WYPrefix.pch */,
			);
			name = "Supporting Files";
			sourceTree = "<group>";
		};
		DC3BEDED1D11268200BBF9D6 /* Tools */ = {
			isa = PBXGroup;
			children = (
				DC3BEDEE1D11269200BBF9D6 /* Additions */,
			);
			path = Tools;
			sourceTree = "<group>";
		};
		DC3BEDEE1D11269200BBF9D6 /* Additions */ = {
			isa = PBXGroup;
			children = (
				DC3BEDEF1D11269200BBF9D6 /* CZAdditions.h */,
				DC3BEDF01D11269200BBF9D6 /* NSArray+Log.h */,
				DC3BEDF11D11269200BBF9D6 /* NSArray+Log.m */,
				DC3BEDF21D11269200BBF9D6 /* NSAttributedString+CZAdditon.h */,
				DC3BEDF31D11269200BBF9D6 /* NSAttributedString+CZAdditon.m */,
				DC3BEDF41D11269200BBF9D6 /* NSObject+CZRuntime.h */,
				DC3BEDF51D11269200BBF9D6 /* NSObject+CZRuntime.m */,
				DC3BEDF61D11269200BBF9D6 /* NSString+CZBase64.h */,
				DC3BEDF71D11269200BBF9D6 /* NSString+CZBase64.m */,
				DC3BEDF81D11269200BBF9D6 /* NSString+CZHash.h */,
				DC3BEDF91D11269200BBF9D6 /* NSString+CZHash.m */,
				DC3BEDFA1D11269200BBF9D6 /* NSString+CZPath.h */,
				DC3BEDFB1D11269200BBF9D6 /* NSString+CZPath.m */,
				DC3BEDFC1D11269200BBF9D6 /* UIButton+CZAddition.h */,
				DC3BEDFD1D11269200BBF9D6 /* UIButton+CZAddition.m */,
				DC3BEDFE1D11269200BBF9D6 /* UIColor+CZAddition.h */,
				DC3BEDFF1D11269200BBF9D6 /* UIColor+CZAddition.m */,
				DC3BEE001D11269200BBF9D6 /* UILabel+CZAddition.h */,
				DC3BEE011D11269200BBF9D6 /* UILabel+CZAddition.m */,
				DC3BEE021D11269200BBF9D6 /* UIScreen+CZAddition.h */,
				DC3BEE031D11269200BBF9D6 /* UIScreen+CZAddition.m */,
				DC3BEE041D11269200BBF9D6 /* UIView+CZAddition.h */,
				DC3BEE051D11269200BBF9D6 /* UIView+CZAddition.m */,
				DC3BEE061D11269200BBF9D6 /* UIViewController+CZAddition.h */,
				DC3BEE071D11269200BBF9D6 /* UIViewController+CZAddition.m */,
			);
			path = Additions;
			sourceTree = "<group>";
		};
		DC3BEE141D1126CF00BBF9D6 /* Classes */ = {
			isa = PBXGroup;
			children = (
				DC3BEE161D1126CF00BBF9D6 /* Main */,
				DC3BEE151D1126CF00BBF9D6 /* Home */,
			);
			path = Classes;
			sourceTree = "<group>";
		};
		DC3BEE151D1126CF00BBF9D6 /* Home */ = {
			isa = PBXGroup;
			children = (
				DC3BEE1A1D113A3C00BBF9D6 /* WYHomeViewController.h */,
				DC3BEE1B1D113A3C00BBF9D6 /* WYHomeViewController.m */,
			);
			path = Home;
			sourceTree = "<group>";
		};
		DC3BEE161D1126CF00BBF9D6 /* Main */ = {
			isa = PBXGroup;
			children = (
				DC3BEE171D1128D800BBF9D6 /* WYMainViewController.h */,
				DC3BEE181D1128D800BBF9D6 /* WYMainViewController.m */,
			);
			path = Main;
			sourceTree = "<group>";
		};
/* End PBXGroup section */

/* Begin PBXNativeTarget section */
		DC3BEDAF1D10F6F600BBF9D6 /* 网易新闻 */ = {
			isa = PBXNativeTarget;
			buildConfigurationList = DC3BEDC71D10F6F700BBF9D6 /* Build configuration list for PBXNativeTarget "网易新闻" */;
			buildPhases = (
				DACFA7AF53F65B55B729843A /* [CP] Check Pods Manifest.lock */,
				DC3BEDAC1D10F6F600BBF9D6 /* Sources */,
				DC3BEDAD1D10F6F600BBF9D6 /* Frameworks */,
				DC3BEDAE1D10F6F600BBF9D6 /* Resources */,
				F1072E1E22C8F88A09C6D05D /* [CP] Embed Pods Frameworks */,
				0B3888B6F22462182676046B /* [CP] Copy Pods Resources */,
			);
			buildRules = (
			);
			dependencies = (
			);
			name = "网易新闻";
			productName = "网易新闻";
			productReference = DC3BEDB01D10F6F600BBF9D6 /* 网易新闻.app */;
			productType = "com.apple.product-type.application";
		};
/* End PBXNativeTarget section */

/* Begin PBXProject section */
		DC3BEDA81D10F6F600BBF9D6 /* Project object */ = {
			isa = PBXProject;
			attributes = {
				CLASSPREFIX = WY;
				LastUpgradeCheck = 0730;
				ORGANIZATIONNAME = "王军波";
				TargetAttributes = {
					DC3BEDAF1D10F6F600BBF9D6 = {
						CreatedOnToolsVersion = 7.3;
					};
				};
			};
			buildConfigurationList = DC3BEDAB1D10F6F600BBF9D6 /* Build configuration list for PBXProject "网易新闻" */;
			compatibilityVersion = "Xcode 3.2";
			developmentRegion = English;
			hasScannedForEncodings = 0;
			knownRegions = (
				en,
				Base,
			);
			mainGroup = DC3BEDA71D10F6F600BBF9D6;
			productRefGroup = DC3BEDB11D10F6F600BBF9D6 /* Products */;
			projectDirPath = "";
			projectRoot = "";
			targets = (
				DC3BEDAF1D10F6F600BBF9D6 /* 网易新闻 */,
			);
		};
/* End PBXProject section */

/* Begin PBXResourcesBuildPhase section */
		DC3BEDAE1D10F6F600BBF9D6 /* Resources */ = {
			isa = PBXResourcesBuildPhase;
			buildActionMask = 2147483647;
			files = (
				DC3BEDC31D10F6F700BBF9D6 /* LaunchScreen.storyboard in Resources */,
				DC3BEDC01D10F6F700BBF9D6 /* Assets.xcassets in Resources */,
			);
			runOnlyForDeploymentPostprocessing = 0;
		};
/* End PBXResourcesBuildPhase section */

/* Begin PBXShellScriptBuildPhase section */
		0B3888B6F22462182676046B /* [CP] Copy Pods Resources */ = {
			isa = PBXShellScriptBuildPhase;
			buildActionMask = 2147483647;
			files = (
			);
			inputPaths = (
			);
			name = "[CP] Copy Pods Resources";
			outputPaths = (
			);
			runOnlyForDeploymentPostprocessing = 0;
			shellPath = /bin/sh;
			shellScript = "\"${SRCROOT}/Pods/Target Support Files/Pods-网易新闻/Pods-网易新闻-resources.sh\"\n";
			showEnvVarsInLog = 0;
		};
		DACFA7AF53F65B55B729843A /* [CP] Check Pods Manifest.lock */ = {
			isa = PBXShellScriptBuildPhase;
			buildActionMask = 2147483647;
			files = (
			);
			inputPaths = (
			);
			name = "[CP] Check Pods Manifest.lock";
			outputPaths = (
			);
			runOnlyForDeploymentPostprocessing = 0;
			shellPath = /bin/sh;
			shellScript = "diff \"${PODS_ROOT}/../Podfile.lock\" \"${PODS_ROOT}/Manifest.lock\" > /dev/null\nif [[ $? != 0 ]] ; then\n    cat << EOM\nerror: The sandbox is not in sync with the Podfile.lock. Run 'pod install' or update your CocoaPods installation.\nEOM\n    exit 1\nfi\n";
			showEnvVarsInLog = 0;
		};
		F1072E1E22C8F88A09C6D05D /* [CP] Embed Pods Frameworks */ = {
			isa = PBXShellScriptBuildPhase;
			buildActionMask = 2147483647;
			files = (
			);
			inputPaths = (
			);
			name = "[CP] Embed Pods Frameworks";
			outputPaths = (
			);
			runOnlyForDeploymentPostprocessing = 0;
			shellPath = /bin/sh;
			shellScript = "\"${SRCROOT}/Pods/Target Support Files/Pods-网易新闻/Pods-网易新闻-frameworks.sh\"\n";
			showEnvVarsInLog = 0;
		};
/* End PBXShellScriptBuildPhase section */

/* Begin PBXSourcesBuildPhase section */
		DC3BEDAC1D10F6F600BBF9D6 /* Sources */ = {
			isa = PBXSourcesBuildPhase;
			buildActionMask = 2147483647;
			files = (
				DC3BEE0F1D11269200BBF9D6 /* UIColor+CZAddition.m in Sources */,
				DC3BEE091D11269200BBF9D6 /* NSAttributedString+CZAdditon.m in Sources */,
				DC3BEE0D1D11269200BBF9D6 /* NSString+CZPath.m in Sources */,
				DC3BEE081D11269200BBF9D6 /* NSArray+Log.m in Sources */,
				DC3BEDB81D10F6F600BBF9D6 /* AppDelegate.m in Sources */,
				DC3BEE0E1D11269200BBF9D6 /* UIButton+CZAddition.m in Sources */,
				DC3BEE121D11269200BBF9D6 /* UIView+CZAddition.m in Sources */,
				DC3BEE0C1D11269200BBF9D6 /* NSString+CZHash.m in Sources */,
				DC3BEE101D11269200BBF9D6 /* UILabel+CZAddition.m in Sources */,
				DC3BEE1C1D113A3C00BBF9D6 /* WYHomeViewController.m in Sources */,
				DC3BEE191D1128D800BBF9D6 /* WYMainViewController.m in Sources */,
				DC3BEE0B1D11269200BBF9D6 /* NSString+CZBase64.m in Sources */,
				DC3BEE0A1D11269200BBF9D6 /* NSObject+CZRuntime.m in Sources */,
				DC3BEE131D11269200BBF9D6 /* UIViewController+CZAddition.m in Sources */,
				DC3BEE111D11269200BBF9D6 /* UIScreen+CZAddition.m in Sources */,
				DC3BEDB51D10F6F600BBF9D6 /* main.m in Sources */,
			);
			runOnlyForDeploymentPostprocessing = 0;
		};
/* End PBXSourcesBuildPhase section */

/* Begin PBXVariantGroup section */
		DC3BEDC11D10F6F700BBF9D6 /* LaunchScreen.storyboard */ = {
			isa = PBXVariantGroup;
			children = (
				DC3BEDC21D10F6F700BBF9D6 /* Base */,
			);
			name = LaunchScreen.storyboard;
			sourceTree = "<group>";
		};
/* End PBXVariantGroup section */

/* Begin XCBuildConfiguration section */
		DC3BEDC51D10F6F700BBF9D6 /* Debug */ = {
			isa = XCBuildConfiguration;
			buildSettings = {
				ALWAYS_SEARCH_USER_PATHS = NO;
				CLANG_ANALYZER_NONNULL = YES;
				CLANG_CXX_LANGUAGE_STANDARD = "gnu++0x";
				CLANG_CXX_LIBRARY = "libc++";
				CLANG_ENABLE_MODULES = YES;
				CLANG_ENABLE_OBJC_ARC = YES;
				CLANG_WARN_BOOL_CONVERSION = YES;
				CLANG_WARN_CONSTANT_CONVERSION = YES;
				CLANG_WARN_DIRECT_OBJC_ISA_USAGE = YES_ERROR;
				CLANG_WARN_EMPTY_BODY = YES;
				CLANG_WARN_ENUM_CONVERSION = YES;
				CLANG_WARN_INT_CONVERSION = YES;
				CLANG_WARN_OBJC_ROOT_CLASS = YES_ERROR;
				CLANG_WARN_UNREACHABLE_CODE = YES;
				CLANG_WARN__DUPLICATE_METHOD_MATCH = YES;
				"CODE_SIGN_IDENTITY[sdk=iphoneos*]" = "iPhone Developer";
				COPY_PHASE_STRIP = NO;
				DEBUG_INFORMATION_FORMAT = dwarf;
				ENABLE_STRICT_OBJC_MSGSEND = YES;
				ENABLE_TESTABILITY = YES;
				GCC_C_LANGUAGE_STANDARD = gnu99;
				GCC_DYNAMIC_NO_PIC = NO;
				GCC_NO_COMMON_BLOCKS = YES;
				GCC_OPTIMIZATION_LEVEL = 0;
				GCC_PREPROCESSOR_DEFINITIONS = (
					"DEBUG=1",
					"$(inherited)",
				);
				GCC_WARN_64_TO_32_BIT_CONVERSION = YES;
				GCC_WARN_ABOUT_RETURN_TYPE = YES_ERROR;
				GCC_WARN_UNDECLARED_SELECTOR = YES;
				GCC_WARN_UNINITIALIZED_AUTOS = YES_AGGRESSIVE;
				GCC_WARN_UNUSED_FUNCTION = YES;
				GCC_WARN_UNUSED_VARIABLE = YES;
				IPHONEOS_DEPLOYMENT_TARGET = 9.3;
				MTL_ENABLE_DEBUG_INFO = YES;
				ONLY_ACTIVE_ARCH = YES;
				SDKROOT = iphoneos;
			};
			name = Debug;
		};
		DC3BEDC61D10F6F700BBF9D6 /* Release */ = {
			isa = XCBuildConfiguration;
			buildSettings = {
				ALWAYS_SEARCH_USER_PATHS = NO;
				CLANG_ANALYZER_NONNULL = YES;
				CLANG_CXX_LANGUAGE_STANDARD = "gnu++0x";
				CLANG_CXX_LIBRARY = "libc++";
				CLANG_ENABLE_MODULES = YES;
				CLANG_ENABLE_OBJC_ARC = YES;
				CLANG_WARN_BOOL_CONVERSION = YES;
				CLANG_WARN_CONSTANT_CONVERSION = YES;
				CLANG_WARN_DIRECT_OBJC_ISA_USAGE = YES_ERROR;
				CLANG_WARN_EMPTY_BODY = YES;
				CLANG_WARN_ENUM_CONVERSION = YES;
				CLANG_WARN_INT_CONVERSION = YES;
				CLANG_WARN_OBJC_ROOT_CLASS = YES_ERROR;
				CLANG_WARN_UNREACHABLE_CODE = YES;
				CLANG_WARN__DUPLICATE_METHOD_MATCH = YES;
				"CODE_SIGN_IDENTITY[sdk=iphoneos*]" = "iPhone Developer";
				COPY_PHASE_STRIP = NO;
				DEBUG_INFORMATION_FORMAT = "dwarf-with-dsym";
				ENABLE_NS_ASSERTIONS = NO;
				ENABLE_STRICT_OBJC_MSGSEND = YES;
				GCC_C_LANGUAGE_STANDARD = gnu99;
				GCC_NO_COMMON_BLOCKS = YES;
				GCC_WARN_64_TO_32_BIT_CONVERSION = YES;
				GCC_WARN_ABOUT_RETURN_TYPE = YES_ERROR;
				GCC_WARN_UNDECLARED_SELECTOR = YES;
				GCC_WARN_UNINITIALIZED_AUTOS = YES_AGGRESSIVE;
				GCC_WARN_UNUSED_FUNCTION = YES;
				GCC_WARN_UNUSED_VARIABLE = YES;
				IPHONEOS_DEPLOYMENT_TARGET = 9.3;
				MTL_ENABLE_DEBUG_INFO = NO;
				SDKROOT = iphoneos;
				VALIDATE_PRODUCT = YES;
			};
			name = Release;
		};
		DC3BEDC81D10F6F700BBF9D6 /* Debug */ = {
			isa = XCBuildConfiguration;
			baseConfigurationReference = E4A8E4803C7A3692119A0F07 /* Pods-网易新闻.debug.xcconfig */;
			buildSettings = {
				ASSETCATALOG_COMPILER_APPICON_NAME = AppIcon;
				GCC_PREFIX_HEADER = "网易新闻/WYPrefix.pch";
				INFOPLIST_FILE = "网易新闻/Info.plist";
				IPHONEOS_DEPLOYMENT_TARGET = 8.0;
				LD_RUNPATH_SEARCH_PATHS = "$(inherited) @executable_path/Frameworks";
				PRODUCT_BUNDLE_IDENTIFIER = "com.junbo.----";
				PRODUCT_NAME = "$(TARGET_NAME)";
			};
			name = Debug;
		};
		DC3BEDC91D10F6F700BBF9D6 /* Release */ = {
			isa = XCBuildConfiguration;
			baseConfigurationReference = D75F3B6FA5DF856CBFBF3CB8 /* Pods-网易新闻.release.xcconfig */;
			buildSettings = {
				ASSETCATALOG_COMPILER_APPICON_NAME = AppIcon;
				GCC_PREFIX_HEADER = "网易新闻/WYPrefix.pch";
				INFOPLIST_FILE = "网易新闻/Info.plist";
				IPHONEOS_DEPLOYMENT_TARGET = 8.0;
				LD_RUNPATH_SEARCH_PATHS = "$(inherited) @executable_path/Frameworks";
				PRODUCT_BUNDLE_IDENTIFIER = "com.junbo.----";
				PRODUCT_NAME = "$(TARGET_NAME)";
			};
			name = Release;
		};
/* End XCBuildConfiguration section */

/* Begin XCConfigurationList section */
		DC3BEDAB1D10F6F600BBF9D6 /* Build configuration list for PBXProject "网易新闻" */ = {
			isa = XCConfigurationList;
			buildConfigurations = (
				DC3BEDC51D10F6F700BBF9D6 /* Debug */,
				DC3BEDC61D10F6F700BBF9D6 /* Release */,
			);
			defaultConfigurationIsVisible = 0;
			defaultConfigurationName = Release;
		};
		DC3BEDC71D10F6F700BBF9D6 /* Build configuration list for PBXNativeTarget "网易新闻" */ = {
			isa = XCConfigurationList;
			buildConfigurations = (
				DC3BEDC81D10F6F700BBF9D6 /* Debug */,
				DC3BEDC91D10F6F700BBF9D6 /* Release */,
			);
			defaultConfigurationIsVisible = 0;
			defaultConfigurationName = Release;
		};
/* End XCConfigurationList section */
	};
	rootObject = DC3BEDA81D10F6F600BBF9D6 /* Project object */;
}
